{
  "name": "cloudflare-functions",
  "version": "0.0.0",
  "lockfileVersion": 3,
  "requires": true,
  "packages": {
    "": {
      "name": "cloudflare-functions",
      "version": "0.0.0",
      "devDependencies": {
        "@cloudflare/workers-types": "^5.20260927.1",
        "typescript": "~6.0.2"
      }
    },
    "node_modules/@cloudflare/workers-types": {
      "version": "5.20260928.1",
      "resolved": "https://registry.npmjs.org/@cloudflare/workers-types/-/workers-types-5.20260928.1.tgz",
      "integrity": "sha512-B/El15v5HqZyuyfR7Z0W443iA6Ml4nZjaR8rgHyW612r8reO+1JaDKtNbP3CPdzVIM2egp98by3NlpMm5pKbcg==",
      "dev": true,
      "license": "MIT OR Apache-2.0"
    },
    "node_modules/typescript": {
      "version": "6.0.3",
      "resolved": "https://registry.npmjs.org/typescript/-/typescript-6.0.3.tgz",
      "integrity": "sha512-y2TvuxSZPDyQakkFRPZHKFm+KKVqIisdg9/CZwm9ftvKXLP8NRWj38/ODjNbr43SsoXqNuAisEf1GdCxqWcdBw==",
      "dev": true,
      "license": "Apache-2.0",
      "bin": {
        "tsc": "bin/tsc",
        "tsserver": "bin/tsserver"
      },
      "engines": {
        "node": ">=14.17"
      }
    }
  }
}
